// !$*UTF8*$!
{
	archiveVersion = 1;
	classes = {
	};
	objectVersion = 46;
	objects = {

/* Begin PBXBuildFile section */
		EAFB1B4D1D3E1A72002BBB46 /* ACEPartRoundedCornerView.swift in Sources */ = {isa = PBXBuildFile; fileRef = EAFB1B431D3E1A72002BBB46 /* ACEPartRoundedCornerView.swift */; };
		EAFB1B4E1D3E1A72002BBB46 /* AppDelegate.swift in Sources */ = {isa = PBXBuildFile; fileRef = EAFB1B441D3E1A72002BBB46 /* AppDelegate.swift */; };
		EAFB1B4F1D3E1A72002BBB46 /* LaunchScreen.xib in Resources */ = {isa = PBXBuildFile; fileRef = EAFB1B451D3E1A72002BBB46 /* LaunchScreen.xib */; };
		EAFB1B501D3E1A72002BBB46 /* Main.storyboard in Resources */ = {isa = PBXBuildFile; fileRef = EAFB1B471D3E1A72002BBB46 /* Main.storyboard */; };
		EAFB1B511D3E1A72002BBB46 /* Images.xcassets in Resources */ = {isa = PBXBuildFile; fileRef = EAFB1B491D3E1A72002BBB46 /* Images.xcassets */; };
		EAFB1B521D3E1A72002BBB46 /* Info.plist in Resources */ = {isa = PBXBuildFile; fileRef = EAFB1B4A1D3E1A72002BBB46 /* Info.plist */; };
		EAFB1B531D3E1A72002BBB46 /* LWTableViewCell.swift in Sources */ = {isa = PBXBuildFile; fileRef = EAFB1B4B1D3E1A72002BBB46 /* LWTableViewCell.swift */; };
		EAFB1B541D3E1A72002BBB46 /* ViewController.swift in Sources */ = {isa = PBXBuildFile; fileRef = EAFB1B4C1D3E1A72002BBB46 /* ViewController.swift */; };
/* End PBXBuildFile section */

/* Begin PBXFileReference section */
		3DBF2F991B33FE2400732FD0 /* ALTableView.app */ = {isa = PBXFileReference; explicitFileType = wrapper.application; includeInIndex = 0; path = ALTableView.app; sourceTree = BUILT_PRODUCTS_DIR; };
		EAFB1B431D3E1A72002BBB46 /* ACEPartRoundedCornerView.swift */ = {isa = PBXFileReference; fileEncoding = 4; lastKnownFileType = sourcecode.swift; path = ACEPartRoundedCornerView.swift; sourceTree = "<group>"; };
		EAFB1B441D3E1A72002BBB46 /* AppDelegate.swift */ = {isa = PBXFileReference; fileEncoding = 4; lastKnownFileType = sourcecode.swift; path = AppDelegate.swift; sourceTree = "<group>"; };
		EAFB1B461D3E1A72002BBB46 /* Base */ = {isa = PBXFileReference; lastKnownFileType = file.xib; name = Base; path = Base.lproj/LaunchScreen.xib; sourceTree = "<group>"; };
		EAFB1B481D3E1A72002BBB46 /* Base */ = {isa = PBXFileReference; lastKnownFileType = file.storyboard; name = Base; path = Base.lproj/Main.storyboard; sourceTree = "<group>"; };
		EAFB1B491D3E1A72002BBB46 /* Images.xcassets */ = {isa = PBXFileReference; lastKnownFileType = folder.assetcatalog; path = Images.xcassets; sourceTree = "<group>"; };
		EAFB1B4A1D3E1A72002BBB46 /* Info.plist */ = {isa = PBXFileReference; fileEncoding = 4; lastKnownFileType = text.plist.xml; path = Info.plist; sourceTree = "<group>"; };
		EAFB1B4B1D3E1A72002BBB46 /* LWTableViewCell.swift */ = {isa = PBXFileReference; fileEncoding = 4; lastKnownFileType = sourcecode.swift; path = LWTableViewCell.swift; sourceTree = "<group>"; };
		EAFB1B4C1D3E1A72002BBB46 /* ViewController.swift */ = {isa = PBXFileReference; fileEncoding = 4; lastKnownFileType = sourcecode.swift; path = ViewController.swift; sourceTree = "<group>"; };
/* End PBXFileReference section */

/* Begin PBXFrameworksBuildPhase section */
		3DBF2F961B33FE2400732FD0 /* Frameworks */ = {
			isa = PBXFrameworksBuildPhase;
			buildActionMask = 2147483647;
			files = (
			);
			runOnlyForDeploymentPostprocessing = 0;
		};
/* End PBXFrameworksBuildPhase section */

/* Begin PBXGroup section */
		3DBF2F901B33FE2400732FD0 = {
			isa = PBXGroup;
			children = (
				EAFB1B421D3E1A72002BBB46 /* ALTableView */,
				3DBF2F9A1B33FE2400732FD0 /* Products */,
			);
			sourceTree = "<group>";
		};
		3DBF2F9A1B33FE2400732FD0 /* Products */ = {
			isa = PBXGroup;
			children = (
				3DBF2F991B33FE2400732FD0 /* ALTableView.app */,
			);
			name = Products;
			sourceTree = "<group>";
		};
		EAFB1B421D3E1A72002BBB46 /* ALTableView */ = {
			isa = PBXGroup;
			children = (
				EAFB1B431D3E1A72002BBB46 /* ACEPartRoundedCornerView.swift */,
				EAFB1B441D3E1A72002BBB46 /* AppDelegate.swift */,
				EAFB1B451D3E1A72002BBB46 /* LaunchScreen.xib */,
				EAFB1B471D3E1A72002BBB46 /* Main.storyboard */,
				EAFB1B491D3E1A72002BBB46 /* Images.xcassets */,
				EAFB1B4A1D3E1A72002BBB46 /* Info.plist */,
				EAFB1B4B1D3E1A72002BBB46 /* LWTableViewCell.swift */,
				EAFB1B4C1D3E1A72002BBB46 /* ViewController.swift */,
			);
			path = ALTableView;
			sourceTree = "<group>";
		};
/* End PBXGroup section */

/* Begin PBXNativeTarget section */
		3DBF2F981B33FE2400732FD0 /* ALTableView */ = {
			isa = PBXNativeTarget;
			buildConfigurationList = 3DBF2FB81B33FE2500732FD0 /* Build configuration list for PBXNativeTarget "ALTableView" */;
			buildPhases = (
				3DBF2F951B33FE2400732FD0 /* Sources */,
				3DBF2F961B33FE2400732FD0 /* Frameworks */,
				3DBF2F971B33FE2400732FD0 /* Resources */,
			);
			buildRules = (
			);
			dependencies = (
			);
			name = ALTableView;
			productName = GSTableView;
			productReference = 3DBF2F991B33FE2400732FD0 /* ALTableView.app */;
			productType = "com.apple.product-type.application";
		};
/* End PBXNativeTarget section */

/* Begin PBXProject section */
		3DBF2F911B33FE2400732FD0 /* Project object */ = {
			isa = PBXProject;
			attributes = {
				LastSwiftUpdateCheck = 0730;
				LastUpgradeCheck = 0630;
				ORGANIZATIONNAME = "William Hu";
				TargetAttributes = {
					3DBF2F981B33FE2400732FD0 = {
						CreatedOnToolsVersion = 6.3.2;
					};
				};
			};
			buildConfigurationList = 3DBF2F941B33FE2400732FD0 /* Build configuration list for PBXProject "ALTableView" */;
			compatibilityVersion = "Xcode 3.2";
			developmentRegion = English;
			hasScannedForEncodings = 0;
			knownRegions = (
				en,
				Base,
			);
			mainGroup = 3DBF2F901B33FE2400732FD0;
			productRefGroup = 3DBF2F9A1B33FE2400732FD0 /* Products */;
			projectDirPath = "";
			projectRoot = "";
			targets = (
				3DBF2F981B33FE2400732FD0 /* ALTableView */,
			);
		};
/* End PBXProject section */

/* Begin PBXResourcesBuildPhase section */
		3DBF2F971B33FE2400732FD0 /* Resources */ = {
			isa = PBXResourcesBuildPhase;
			buildActionMask = 2147483647;
			files = (
				EAFB1B521D3E1A72002BBB46 /* Info.plist in Resources */,
				EAFB1B511D3E1A72002BBB46 /* Images.xcassets in Resources */,
				EAFB1B4F1D3E1A72002BBB46 /* LaunchScreen.xib in Resources */,
				EAFB1B501D3E1A72002BBB46 /* Main.storyboard in Resources */,
			);
			runOnlyForDeploymentPostprocessing = 0;
		};
/* End PBXResourcesBuildPhase section */

/* Begin PBXSourcesBuildPhase section */
		3DBF2F951B33FE2400732FD0 /* Sources */ = {
			isa = PBXSourcesBuildPhase;
			buildActionMask = 2147483647;
			files = (
				EAFB1B4E1D3E1A72002BBB46 /* AppDelegate.swift in Sources */,
				EAFB1B4D1D3E1A72002BBB46 /* ACEPartRoundedCornerView.swift in Sources */,
				EAFB1B541D3E1A72002BBB46 /* ViewController.swift in Sources */,
				EAFB1B531D3E1A72002BBB46 /* LWTableViewCell.swift in Sources */,
			);
			runOnlyForDeploymentPostprocessing = 0;
		};
/* End PBXSourcesBuildPhase section */

/* Begin PBXVariantGroup section */
		EAFB1B451D3E1A72002BBB46 /* LaunchScreen.xib */ = {
			isa = PBXVariantGroup;
			children = (
				EAFB1B461D3E1A72002BBB46 /* Base */,
			);
			name = LaunchScreen.xib;
			sourceTree = "<group>";
		};
		EAFB1B471D3E1A72002BBB46 /* Main.storyboard */ = {
			isa = PBXVariantGroup;
			children = (
				EAFB1B481D3E1A72002BBB46 /* Base */,
			);
			name = Main.storyboard;
			sourceTree = "<group>";
		};
/* End PBXVariantGroup section */

/* Begin XCBuildConfiguration section */
		3DBF2FB61B33FE2500732FD0 /* Debug */ = {
			isa = XCBuildConfiguration;
			buildSettings = {
				ALWAYS_SEARCH_USER_PATHS = NO;
				CLANG_CXX_LANGUAGE_STANDARD = "gnu++0x";
				CLANG_CXX_LIBRARY = "libc++";
				CLANG_ENABLE_MODULES = YES;
				CLANG_ENABLE_OBJC_ARC = YES;
				CLANG_WARN_BOOL_CONVERSION = YES;
				CLANG_WARN_CONSTANT_CONVERSION = YES;
				CLANG_WARN_DIRECT_OBJC_ISA_USAGE = YES_ERROR;
				CLANG_WARN_EMPTY_BODY = YES;
				CLANG_WARN_ENUM_CONVERSION = YES;
				CLANG_WARN_INT_CONVERSION = YES;
				CLANG_WARN_OBJC_ROOT_CLASS = YES_ERROR;
				CLANG_WARN_UNREACHABLE_CODE = YES;
				CLANG_WARN__DUPLICATE_METHOD_MATCH = YES;
				"CODE_SIGN_IDENTITY[sdk=iphoneos*]" = "iPhone Developer";
				COPY_PHASE_STRIP = NO;
				DEBUG_INFORMATION_FORMAT = "dwarf-with-dsym";
				ENABLE_STRICT_OBJC_MSGSEND = YES;
				GCC_C_LANGUAGE_STANDARD = gnu99;
				GCC_DYNAMIC_NO_PIC = NO;
				GCC_NO_COMMON_BLOCKS = YES;
				GCC_OPTIMIZATION_LEVEL = 0;
				GCC_PREPROCESSOR_DEFINITIONS = (
					"DEBUG=1",
					"$(inherited)",
				);
				GCC_SYMBOLS_PRIVATE_EXTERN = NO;
				GCC_WARN_64_TO_32_BIT_CONVERSION = YES;
				GCC_WARN_ABOUT_RETURN_TYPE = YES_ERROR;
				GCC_WARN_UNDECLARED_SELECTOR = YES;
				GCC_WARN_UNINITIALIZED_AUTOS = YES_AGGRESSIVE;
				GCC_WARN_UNUSED_FUNCTION = YES;
				GCC_WARN_UNUSED_VARIABLE = YES;
				IPHONEOS_DEPLOYMENT_TARGET = 8.3;
				MTL_ENABLE_DEBUG_INFO = YES;
				ONLY_ACTIVE_ARCH = YES;
				SDKROOT = iphoneos;
				SWIFT_OPTIMIZATION_LEVEL = "-Onone";
			};
			name = Debug;
		};
		3DBF2FB71B33FE2500732FD0 /* Release */ = {
			isa = XCBuildConfiguration;
			buildSettings = {
				ALWAYS_SEARCH_USER_PATHS = NO;
				CLANG_CXX_LANGUAGE_STANDARD = "gnu++0x";
				CLANG_CXX_LIBRARY = "libc++";
				CLANG_ENABLE_MODULES = YES;
				CLANG_ENABLE_OBJC_ARC = YES;
				CLANG_WARN_BOOL_CONVERSION = YES;
				CLANG_WARN_CONSTANT_CONVERSION = YES;
				CLANG_WARN_DIRECT_OBJC_ISA_USAGE = YES_ERROR;
				CLANG_WARN_EMPTY_BODY = YES;
				CLANG_WARN_ENUM_CONVERSION = YES;
				CLANG_WARN_INT_CONVERSION = YES;
				CLANG_WARN_OBJC_ROOT_CLASS = YES_ERROR;
				CLANG_WARN_UNREACHABLE_CODE = YES;
				CLANG_WARN__DUPLICATE_METHOD_MATCH = YES;
				"CODE_SIGN_IDENTITY[sdk=iphoneos*]" = "iPhone Developer";
				COPY_PHASE_STRIP = NO;
				DEBUG_INFORMATION_FORMAT = "dwarf-with-dsym";
				ENABLE_NS_ASSERTIONS = NO;
				ENABLE_STRICT_OBJC_MSGSEND = YES;
				GCC_C_LANGUAGE_STANDARD = gnu99;
				GCC_NO_COMMON_BLOCKS = YES;
				GCC_WARN_64_TO_32_BIT_CONVERSION = YES;
				GCC_WARN_ABOUT_RETURN_TYPE = YES_ERROR;
				GCC_WARN_UNDECLARED_SELECTOR = YES;
				GCC_WARN_UNINITIALIZED_AUTOS = YES_AGGRESSIVE;
				GCC_WARN_UNUSED_FUNCTION = YES;
				GCC_WARN_UNUSED_VARIABLE = YES;
				IPHONEOS_DEPLOYMENT_TARGET = 8.3;
				MTL_ENABLE_DEBUG_INFO = NO;
				SDKROOT = iphoneos;
				VALIDATE_PRODUCT = YES;
			};
			name = Release;
		};
		3DBF2FB91B33FE2500732FD0 /* Debug */ = {
			isa = XCBuildConfiguration;
			buildSettings = {
				ASSETCATALOG_COMPILER_APPICON_NAME = AppIcon;
				INFOPLIST_FILE = "$(SRCROOT)/ALTableView/Info.plist";
				LD_RUNPATH_SEARCH_PATHS = "$(inherited) @executable_path/Frameworks";
				PRODUCT_NAME = ALTableView;
			};
			name = Debug;
		};
		3DBF2FBA1B33FE2500732FD0 /* Release */ = {
			isa = XCBuildConfiguration;
			buildSettings = {
				ASSETCATALOG_COMPILER_APPICON_NAME = AppIcon;
				INFOPLIST_FILE = "$(SRCROOT)/ALTableView/Info.plist";
				LD_RUNPATH_SEARCH_PATHS = "$(inherited) @executable_path/Frameworks";
				PRODUCT_NAME = ALTableView;
			};
			name = Release;
		};
/* End XCBuildConfiguration section */

/* Begin XCConfigurationList section */
		3DBF2F941B33FE2400732FD0 /* Build configuration list for PBXProject "ALTableView" */ = {
			isa = XCConfigurationList;
			buildConfigurations = (
				3DBF2FB61B33FE2500732FD0 /* Debug */,
				3DBF2FB71B33FE2500732FD0 /* Release */,
			);
			defaultConfigurationIsVisible = 0;
			defaultConfigurationName = Release;
		};
		3DBF2FB81B33FE2500732FD0 /* Build configuration list for PBXNativeTarget "ALTableView" */ = {
			isa = XCConfigurationList;
			buildConfigurations = (
				3DBF2FB91B33FE2500732FD0 /* Debug */,
				3DBF2FBA1B33FE2500732FD0 /* Release */,
			);
			defaultConfigurationIsVisible = 0;
			defaultConfigurationName = Release;
		};
/* End XCConfigurationList section */
	};
	rootObject = 3DBF2F911B33FE2400732FD0 /* Project object */;
}
