PODS:
  - FLAnimatedImage (1.0.12)
  - xg_ios_push (2.4.8)

DEPENDENCIES:
  - FLAnimatedImage (~> 1.0.8)
  - xg_ios_push

SPEC CHECKSUMS:
  FLAnimatedImage: 4a0b56255d9b05f18b6dd7ee06871be5d3b89e31
  xg_ios_push: d7195f1ea5b244d9631cda6b49a4a83921318782

PODFILE CHECKSUM: 9c80053ddbbe1fbd2d1b057c9f5e972227960b73

COCOAPODS: 1.1.0
